
Microsoft Visual Studio Solution File, Format Version 12.00
# Visual Studio Version 16
VisualStudioVersion = 16.0.31624.102
MinimumVisualStudioVersion = 10.0.40219.1
Project("{FAE04EC0-301F-11D3-BF4B-00C04F79EFBC}") = "SquareTriangleTiles", "SquareTriangleTiles.csproj", "{14CE86E1-6A53-4D81-AFF8-0C233D40B8AD}"
EndProject
Global
	GlobalSection(SolutionConfigurationPlatforms) = preSolution
		Debug|Any CPU = Debug|Any CPU
		Release|Any CPU = Release|Any CPU
	EndGlobalSection
	GlobalSection(ProjectConfigurationPlatforms) = postSolution
		{14CE86E1-6A53-4D81-AFF8-0C233D40B8AD}.Debug|Any CPU.ActiveCfg = Debug|Any CPU
		{14CE86E1-6A53-4D81-AFF8-0C233D40B8AD}.Debug|Any CPU.Build.0 = Debug|Any CPU
		{14CE86E1-6A53-4D81-AFF8-0C233D40B8AD}.Release|Any CPU.ActiveCfg = Release|Any CPU
		{14CE86E1-6A53-4D81-AFF8-0C233D40B8AD}.Release|Any CPU.Build.0 = Release|Any CPU
	EndGlobalSection
	GlobalSection(SolutionProperties) = preSolution
		HideSolutionNode = FALSE
	EndGlobalSection
	GlobalSection(ExtensibilityGlobals) = postSolution
		SolutionGuid = {2DCAEA66-47F1-4CEC-A81E-B4419FEA47DF}
	EndGlobalSection
EndGlobal
